# AFRILANG lockfile — source of truth for `pkg install`

[[package]]
name = "webapi"
version = "0.1.0"
path = "vendor/webapi"
source = "registry"
sha256 = "9f46f2cf036c4c8d74874a767505d456d064a983bf08b8cdc908935f8b221f25"

[[package]]
name = "deployx"
version = "0.1.0"
path = "vendor/deployx"
source = "registry"
sha256 = "e23c68b2c6cb1424ffef9b424f18999713ae300656be168e67b546257f518cab"

[[package]]
name = "datax"
version = "0.1.0"
path = "vendor/datax"
source = "registry"
sha256 = "24af240c5bafc53b83e44bb93212a58c513c5e1e5c93cd9cff321cdf5d77a384"

[[package]]
name = "geox"
version = "0.1.0"
path = "vendor/geox"
source = "registry"
sha256 = "6688929ebacfc356257048c0ff9cef5c4b47dd1dd4e175190ea5b403bbcf6308"

[[package]]
name = "httpx"
version = "0.1.0"
path = "vendor/httpx"
source = "registry"
sha256 = "463b87e63d78433eccd472230def90f8a14785e8dffff81989ef0489f727d605"

